
Microsoft Visual Studio Solution File, Format Version 12.00
# Visual Studio Version 17
VisualStudioVersion = 17.11.35431.28
MinimumVisualStudioVersion = 10.0.40219.1
Project("{C9674DCB-5085-4A16-B785-4C70DD1589BD}") = "SSIS_projects", "SSIS_projects.dtproj", "{7BF3071B-8606-478D-9986-88FB0AD73DD1}"
EndProject
Global
	GlobalSection(SolutionConfigurationPlatforms) = preSolution
		Development|Default = Development|Default
	EndGlobalSection
	GlobalSection(ProjectConfigurationPlatforms) = postSolution
		{7BF3071B-8606-478D-9986-88FB0AD73DD1}.Development|Default.ActiveCfg = Development
		{7BF3071B-8606-478D-9986-88FB0AD73DD1}.Development|Default.Build.0 = Development
	EndGlobalSection
	GlobalSection(SolutionProperties) = preSolution
		HideSolutionNode = FALSE
	EndGlobalSection
	GlobalSection(ExtensibilityGlobals) = postSolution
		SolutionGuid = {5C1C677D-9525-4857-9B6A-D301B527AE67}
	EndGlobalSection
EndGlobal
